
Microsoft Visual Studio Solution File, Format Version 12.00
# Visual Studio Version 17
VisualStudioVersion = 17.6.33815.320
MinimumVisualStudioVersion = 10.0.40219.1
Project("{8BC9CEB8-8B4A-11D0-8D11-00A0C91BC942}") = "ProgWindows", "ProgWindows\ProgWindows.vcxproj", "{E41B6C18-B794-445B-83B0-D626B10CAFEF}"
EndProject
Global
	GlobalSection(SolutionConfigurationPlatforms) = preSolution
		Debug|x64 = Debug|x64
		Debug|x86 = Debug|x86
		Release|x64 = Release|x64
		Release|x86 = Release|x86
	EndGlobalSection
	GlobalSection(ProjectConfigurationPlatforms) = postSolution
		{E41B6C18-B794-445B-83B0-D626B10CAFEF}.Debug|x64.ActiveCfg = Debug|x64
		{E41B6C18-B794-445B-83B0-D626B10CAFEF}.Debug|x64.Build.0 = Debug|x64
		{E41B6C18-B794-445B-83B0-D626B10CAFEF}.Debug|x86.ActiveCfg = Debug|Win32
		{E41B6C18-B794-445B-83B0-D626B10CAFEF}.Debug|x86.Build.0 = Debug|Win32
		{E41B6C18-B794-445B-83B0-D626B10CAFEF}.Release|x64.ActiveCfg = Release|x64
		{E41B6C18-B794-445B-83B0-D626B10CAFEF}.Release|x64.Build.0 = Release|x64
		{E41B6C18-B794-445B-83B0-D626B10CAFEF}.Release|x86.ActiveCfg = Release|Win32
		{E41B6C18-B794-445B-83B0-D626B10CAFEF}.Release|x86.Build.0 = Release|Win32
	EndGlobalSection
	GlobalSection(SolutionProperties) = preSolution
		HideSolutionNode = FALSE
	EndGlobalSection
	GlobalSection(ExtensibilityGlobals) = postSolution
		SolutionGuid = {9D852850-C43D-46D2-B3EC-E059F66A56B4}
	EndGlobalSection
EndGlobal
